
Microsoft Visual Studio Solution File, Format Version 12.00
# Visual Studio Version 17
VisualStudioVersion = 17.8.34525.116
MinimumVisualStudioVersion = 10.0.40219.1
Project("{FAE04EC0-301F-11D3-BF4B-00C04F79EFBC}") = "Lab 20 OOP Danylko", "Lab 20 OOP Danylko.csproj", "{D36E3142-98C5-4298-9F0B-00E5390B78DA}"
EndProject
Global
	GlobalSection(SolutionConfigurationPlatforms) = preSolution
		Debug|Any CPU = Debug|Any CPU
		Release|Any CPU = Release|Any CPU
	EndGlobalSection
	GlobalSection(ProjectConfigurationPlatforms) = postSolution
		{D36E3142-98C5-4298-9F0B-00E5390B78DA}.Debug|Any CPU.ActiveCfg = Debug|Any CPU
		{D36E3142-98C5-4298-9F0B-00E5390B78DA}.Debug|Any CPU.Build.0 = Debug|Any CPU
		{D36E3142-98C5-4298-9F0B-00E5390B78DA}.Release|Any CPU.ActiveCfg = Release|Any CPU
		{D36E3142-98C5-4298-9F0B-00E5390B78DA}.Release|Any CPU.Build.0 = Release|Any CPU
	EndGlobalSection
	GlobalSection(SolutionProperties) = preSolution
		HideSolutionNode = FALSE
	EndGlobalSection
	GlobalSection(ExtensibilityGlobals) = postSolution
		SolutionGuid = {CBA3C840-D4B4-4E3A-96DE-1AF1612CCAE4}
	EndGlobalSection
EndGlobal
